
Microsoft Visual Studio Solution File, Format Version 12.00
# Visual Studio Version 17
VisualStudioVersion = 17.13.35825.156 d17.13
MinimumVisualStudioVersion = 10.0.40219.1
Project("{FAE04EC0-301F-11D3-BF4B-00C04F79EFBC}") = "BulkyWeb", "BulkyWeb\BulkyWeb.csproj", "{5C9F451D-EE14-431A-A2FE-161FC7FF1E42}"
EndProject
Global
	GlobalSection(SolutionConfigurationPlatforms) = preSolution
		Debug|Any CPU = Debug|Any CPU
		Release|Any CPU = Release|Any CPU
	EndGlobalSection
	GlobalSection(ProjectConfigurationPlatforms) = postSolution
		{5C9F451D-EE14-431A-A2FE-161FC7FF1E42}.Debug|Any CPU.ActiveCfg = Debug|Any CPU
		{5C9F451D-EE14-431A-A2FE-161FC7FF1E42}.Debug|Any CPU.Build.0 = Debug|Any CPU
		{5C9F451D-EE14-431A-A2FE-161FC7FF1E42}.Release|Any CPU.ActiveCfg = Release|Any CPU
		{5C9F451D-EE14-431A-A2FE-161FC7FF1E42}.Release|Any CPU.Build.0 = Release|Any CPU
	EndGlobalSection
	GlobalSection(SolutionProperties) = preSolution
		HideSolutionNode = FALSE
	EndGlobalSection
	GlobalSection(ExtensibilityGlobals) = postSolution
		SolutionGuid = {0AD6F1A4-14D0-4855-A9B1-C91AC9B0196D}
	EndGlobalSection
EndGlobal
